
Microsoft Visual Studio Solution File, Format Version 12.00
# Visual Studio 15
VisualStudioVersion = 15.0.26228.4
MinimumVisualStudioVersion = 10.0.40219.1
Project("{FAE04EC0-301F-11D3-BF4B-00C04F79EFBC}") = "ReleaseControlPanel.API", "ReleaseControlPanel.API\ReleaseControlPanel.API.csproj", "{7C32772D-6B91-41CF-AE21-60E26AB8BE0E}"
EndProject
Project("{E53339B2-1760-4266-BCC7-CA923CBCF16C}") = "docker-compose", "docker-compose.dcproj", "{1288B1C0-B0FC-49C3-9FED-EE496209803C}"
EndProject
Global
	GlobalSection(SolutionConfigurationPlatforms) = preSolution
		Debug|Any CPU = Debug|Any CPU
		Release|Any CPU = Release|Any CPU
	EndGlobalSection
	GlobalSection(ProjectConfigurationPlatforms) = postSolution
		{7C32772D-6B91-41CF-AE21-60E26AB8BE0E}.Debug|Any CPU.ActiveCfg = Debug|Any CPU
		{7C32772D-6B91-41CF-AE21-60E26AB8BE0E}.Debug|Any CPU.Build.0 = Debug|Any CPU
		{7C32772D-6B91-41CF-AE21-60E26AB8BE0E}.Release|Any CPU.ActiveCfg = Release|Any CPU
		{7C32772D-6B91-41CF-AE21-60E26AB8BE0E}.Release|Any CPU.Build.0 = Release|Any CPU
		{1288B1C0-B0FC-49C3-9FED-EE496209803C}.Debug|Any CPU.ActiveCfg = Debug|Any CPU
		{1288B1C0-B0FC-49C3-9FED-EE496209803C}.Debug|Any CPU.Build.0 = Debug|Any CPU
		{1288B1C0-B0FC-49C3-9FED-EE496209803C}.Release|Any CPU.ActiveCfg = Release|Any CPU
		{1288B1C0-B0FC-49C3-9FED-EE496209803C}.Release|Any CPU.Build.0 = Release|Any CPU
	EndGlobalSection
	GlobalSection(SolutionProperties) = preSolution
		HideSolutionNode = FALSE
	EndGlobalSection
EndGlobal
